
Microsoft Visual Studio Solution File, Format Version 12.00
# Visual Studio 14
VisualStudioVersion = 14.0.22310.1
MinimumVisualStudioVersion = 10.0.40219.1
Project("{FAE04EC0-301F-11D3-BF4B-00C04F79EFBC}") = "K_Relay", "K_Relay\K_Relay.csproj", "{BAE9E532-8ADB-4AEE-BCB9-DF928AEA0970}"
EndProject
Project("{FAE04EC0-301F-11D3-BF4B-00C04F79EFBC}") = "Lib K Relay", "Lib K Relay\Lib K Relay.csproj", "{B1B5F3C3-C4FF-4C6E-8879-D2E4E99BEEF9}"
EndProject
Project("{2150E333-8FDC-42A3-9474-1A3956D46DE8}") = "Plugins", "Plugins", "{03A97CEB-D1F4-4BD0-A708-8151EF71A8D7}"
EndProject
Project("{FAE04EC0-301F-11D3-BF4B-00C04F79EFBC}") = "WorldEdit", "WorldEdit\WorldEdit.csproj", "{B5280382-838F-4C28-BD6A-2527EADB0721}"
EndProject
Project("{FAE04EC0-301F-11D3-BF4B-00C04F79EFBC}") = "MapCacher", "MapCacher\MapCacher.csproj", "{BD3F0DA6-A032-4F78-932B-492E801B1BA8}"
EndProject
Project("{FAE04EC0-301F-11D3-BF4B-00C04F79EFBC}") = "Reconnect", "Reconnect\Reconnect.csproj", "{3D2710A4-8C19-40DB-93EE-716DB6A22889}"
EndProject
Project("{FAE04EC0-301F-11D3-BF4B-00C04F79EFBC}") = "ClientStatAnnouncer", "ClientStatAnnouncer\ClientStatAnnouncer.csproj", "{3F7B25CE-E130-434B-8AAF-2B821252A9F5}"
EndProject
Project("{FAE04EC0-301F-11D3-BF4B-00C04F79EFBC}") = "FameNotifier", "FameNotifier\FameNotifier.csproj", "{D47973CA-4A2B-4BC3-AFDE-AA7E2DADA415}"
EndProject
Project("{FAE04EC0-301F-11D3-BF4B-00C04F79EFBC}") = "PartialGodmode", "PartialGodmode\PartialGodmode.csproj", "{44781F66-A2EB-42AA-A291-9948C40299C1}"
EndProject
Project("{FAE04EC0-301F-11D3-BF4B-00C04F79EFBC}") = "AutoAbility", "AutoAbility\AutoAbility.csproj", "{B06A7B4B-801C-4A8E-98D9-C87D0A4B1DA2}"
EndProject
Project("{FAE04EC0-301F-11D3-BF4B-00C04F79EFBC}") = "IncFinder", "IncFinder\IncFinder.csproj", "{23ABC24D-9395-4ADC-B274-5C15C6AD0BEF}"
EndProject
Project("{FAE04EC0-301F-11D3-BF4B-00C04F79EFBC}") = "LootHelper", "LootHelper\LootHelper.csproj", "{289EA7E1-973B-430C-81DE-515F0AF730CA}"
EndProject
Project("{FAE04EC0-301F-11D3-BF4B-00C04F79EFBC}") = "ChatAssist", "ChatAssist\ChatAssist.csproj", "{B953EBC9-C417-420A-8F15-DC2AC9F643A6}"
EndProject
Project("{FAE04EC0-301F-11D3-BF4B-00C04F79EFBC}") = "TeleportTools", "TeleportTools\TeleportTools.csproj", "{2B25F6CD-19BA-4432-A62A-FCA2C3F82467}"
EndProject
Project("{FAE04EC0-301F-11D3-BF4B-00C04F79EFBC}") = "MapFilter", "MapFilter\MapFilter.csproj", "{59A92B80-D024-4FFF-9F8A-980664492680}"
EndProject
Project("{FAE04EC0-301F-11D3-BF4B-00C04F79EFBC}") = "Glow", "Glow\Glow.csproj", "{221B82C0-4D31-4EBE-A517-7F4AF8AC1AF3}"
EndProject
Global
	GlobalSection(SolutionConfigurationPlatforms) = preSolution
		Debug|Any CPU = Debug|Any CPU
		Release|Any CPU = Release|Any CPU
	EndGlobalSection
	GlobalSection(ProjectConfigurationPlatforms) = postSolution
		{BAE9E532-8ADB-4AEE-BCB9-DF928AEA0970}.Debug|Any CPU.ActiveCfg = Debug|Any CPU
		{BAE9E532-8ADB-4AEE-BCB9-DF928AEA0970}.Debug|Any CPU.Build.0 = Debug|Any CPU
		{BAE9E532-8ADB-4AEE-BCB9-DF928AEA0970}.Release|Any CPU.ActiveCfg = Release|Any CPU
		{BAE9E532-8ADB-4AEE-BCB9-DF928AEA0970}.Release|Any CPU.Build.0 = Release|Any CPU
		{B1B5F3C3-C4FF-4C6E-8879-D2E4E99BEEF9}.Debug|Any CPU.ActiveCfg = Debug|Any CPU
		{B1B5F3C3-C4FF-4C6E-8879-D2E4E99BEEF9}.Debug|Any CPU.Build.0 = Debug|Any CPU
		{B1B5F3C3-C4FF-4C6E-8879-D2E4E99BEEF9}.Release|Any CPU.ActiveCfg = Release|Any CPU
		{B1B5F3C3-C4FF-4C6E-8879-D2E4E99BEEF9}.Release|Any CPU.Build.0 = Release|Any CPU
		{B5280382-838F-4C28-BD6A-2527EADB0721}.Debug|Any CPU.ActiveCfg = Debug|Any CPU
		{B5280382-838F-4C28-BD6A-2527EADB0721}.Debug|Any CPU.Build.0 = Debug|Any CPU
		{B5280382-838F-4C28-BD6A-2527EADB0721}.Release|Any CPU.ActiveCfg = Release|Any CPU
		{B5280382-838F-4C28-BD6A-2527EADB0721}.Release|Any CPU.Build.0 = Release|Any CPU
		{BD3F0DA6-A032-4F78-932B-492E801B1BA8}.Debug|Any CPU.ActiveCfg = Debug|Any CPU
		{BD3F0DA6-A032-4F78-932B-492E801B1BA8}.Debug|Any CPU.Build.0 = Debug|Any CPU
		{BD3F0DA6-A032-4F78-932B-492E801B1BA8}.Release|Any CPU.ActiveCfg = Release|Any CPU
		{BD3F0DA6-A032-4F78-932B-492E801B1BA8}.Release|Any CPU.Build.0 = Release|Any CPU
		{3D2710A4-8C19-40DB-93EE-716DB6A22889}.Debug|Any CPU.ActiveCfg = Debug|Any CPU
		{3D2710A4-8C19-40DB-93EE-716DB6A22889}.Debug|Any CPU.Build.0 = Debug|Any CPU
		{3D2710A4-8C19-40DB-93EE-716DB6A22889}.Release|Any CPU.ActiveCfg = Release|Any CPU
		{3D2710A4-8C19-40DB-93EE-716DB6A22889}.Release|Any CPU.Build.0 = Release|Any CPU
		{3F7B25CE-E130-434B-8AAF-2B821252A9F5}.Debug|Any CPU.ActiveCfg = Debug|Any CPU
		{3F7B25CE-E130-434B-8AAF-2B821252A9F5}.Debug|Any CPU.Build.0 = Debug|Any CPU
		{3F7B25CE-E130-434B-8AAF-2B821252A9F5}.Release|Any CPU.ActiveCfg = Release|Any CPU
		{3F7B25CE-E130-434B-8AAF-2B821252A9F5}.Release|Any CPU.Build.0 = Release|Any CPU
		{D47973CA-4A2B-4BC3-AFDE-AA7E2DADA415}.Debug|Any CPU.ActiveCfg = Debug|Any CPU
		{D47973CA-4A2B-4BC3-AFDE-AA7E2DADA415}.Debug|Any CPU.Build.0 = Debug|Any CPU
		{D47973CA-4A2B-4BC3-AFDE-AA7E2DADA415}.Release|Any CPU.ActiveCfg = Release|Any CPU
		{D47973CA-4A2B-4BC3-AFDE-AA7E2DADA415}.Release|Any CPU.Build.0 = Release|Any CPU
		{44781F66-A2EB-42AA-A291-9948C40299C1}.Debug|Any CPU.ActiveCfg = Debug|Any CPU
		{44781F66-A2EB-42AA-A291-9948C40299C1}.Debug|Any CPU.Build.0 = Debug|Any CPU
		{44781F66-A2EB-42AA-A291-9948C40299C1}.Release|Any CPU.ActiveCfg = Release|Any CPU
		{44781F66-A2EB-42AA-A291-9948C40299C1}.Release|Any CPU.Build.0 = Release|Any CPU
		{B06A7B4B-801C-4A8E-98D9-C87D0A4B1DA2}.Debug|Any CPU.ActiveCfg = Debug|Any CPU
		{B06A7B4B-801C-4A8E-98D9-C87D0A4B1DA2}.Debug|Any CPU.Build.0 = Debug|Any CPU
		{B06A7B4B-801C-4A8E-98D9-C87D0A4B1DA2}.Release|Any CPU.ActiveCfg = Release|Any CPU
		{B06A7B4B-801C-4A8E-98D9-C87D0A4B1DA2}.Release|Any CPU.Build.0 = Release|Any CPU
		{23ABC24D-9395-4ADC-B274-5C15C6AD0BEF}.Debug|Any CPU.ActiveCfg = Debug|Any CPU
		{23ABC24D-9395-4ADC-B274-5C15C6AD0BEF}.Debug|Any CPU.Build.0 = Debug|Any CPU
		{23ABC24D-9395-4ADC-B274-5C15C6AD0BEF}.Release|Any CPU.ActiveCfg = Release|Any CPU
		{23ABC24D-9395-4ADC-B274-5C15C6AD0BEF}.Release|Any CPU.Build.0 = Release|Any CPU
		{289EA7E1-973B-430C-81DE-515F0AF730CA}.Debug|Any CPU.ActiveCfg = Debug|Any CPU
		{289EA7E1-973B-430C-81DE-515F0AF730CA}.Debug|Any CPU.Build.0 = Debug|Any CPU
		{289EA7E1-973B-430C-81DE-515F0AF730CA}.Release|Any CPU.ActiveCfg = Release|Any CPU
		{289EA7E1-973B-430C-81DE-515F0AF730CA}.Release|Any CPU.Build.0 = Release|Any CPU
		{B953EBC9-C417-420A-8F15-DC2AC9F643A6}.Debug|Any CPU.ActiveCfg = Debug|Any CPU
		{B953EBC9-C417-420A-8F15-DC2AC9F643A6}.Debug|Any CPU.Build.0 = Debug|Any CPU
		{B953EBC9-C417-420A-8F15-DC2AC9F643A6}.Release|Any CPU.ActiveCfg = Release|Any CPU
		{B953EBC9-C417-420A-8F15-DC2AC9F643A6}.Release|Any CPU.Build.0 = Release|Any CPU
		{2B25F6CD-19BA-4432-A62A-FCA2C3F82467}.Debug|Any CPU.ActiveCfg = Debug|Any CPU
		{2B25F6CD-19BA-4432-A62A-FCA2C3F82467}.Debug|Any CPU.Build.0 = Debug|Any CPU
		{2B25F6CD-19BA-4432-A62A-FCA2C3F82467}.Release|Any CPU.ActiveCfg = Release|Any CPU
		{2B25F6CD-19BA-4432-A62A-FCA2C3F82467}.Release|Any CPU.Build.0 = Release|Any CPU
		{59A92B80-D024-4FFF-9F8A-980664492680}.Debug|Any CPU.ActiveCfg = Debug|Any CPU
		{59A92B80-D024-4FFF-9F8A-980664492680}.Debug|Any CPU.Build.0 = Debug|Any CPU
		{59A92B80-D024-4FFF-9F8A-980664492680}.Release|Any CPU.ActiveCfg = Release|Any CPU
		{59A92B80-D024-4FFF-9F8A-980664492680}.Release|Any CPU.Build.0 = Release|Any CPU
		{221B82C0-4D31-4EBE-A517-7F4AF8AC1AF3}.Debug|Any CPU.ActiveCfg = Debug|Any CPU
		{221B82C0-4D31-4EBE-A517-7F4AF8AC1AF3}.Debug|Any CPU.Build.0 = Debug|Any CPU
		{221B82C0-4D31-4EBE-A517-7F4AF8AC1AF3}.Release|Any CPU.ActiveCfg = Release|Any CPU
		{221B82C0-4D31-4EBE-A517-7F4AF8AC1AF3}.Release|Any CPU.Build.0 = Release|Any CPU
	EndGlobalSection
	GlobalSection(SolutionProperties) = preSolution
		HideSolutionNode = FALSE
	EndGlobalSection
	GlobalSection(NestedProjects) = preSolution
		{B5280382-838F-4C28-BD6A-2527EADB0721} = {03A97CEB-D1F4-4BD0-A708-8151EF71A8D7}
		{BD3F0DA6-A032-4F78-932B-492E801B1BA8} = {03A97CEB-D1F4-4BD0-A708-8151EF71A8D7}
		{3D2710A4-8C19-40DB-93EE-716DB6A22889} = {03A97CEB-D1F4-4BD0-A708-8151EF71A8D7}
		{3F7B25CE-E130-434B-8AAF-2B821252A9F5} = {03A97CEB-D1F4-4BD0-A708-8151EF71A8D7}
		{D47973CA-4A2B-4BC3-AFDE-AA7E2DADA415} = {03A97CEB-D1F4-4BD0-A708-8151EF71A8D7}
		{44781F66-A2EB-42AA-A291-9948C40299C1} = {03A97CEB-D1F4-4BD0-A708-8151EF71A8D7}
		{B06A7B4B-801C-4A8E-98D9-C87D0A4B1DA2} = {03A97CEB-D1F4-4BD0-A708-8151EF71A8D7}
		{23ABC24D-9395-4ADC-B274-5C15C6AD0BEF} = {03A97CEB-D1F4-4BD0-A708-8151EF71A8D7}
		{289EA7E1-973B-430C-81DE-515F0AF730CA} = {03A97CEB-D1F4-4BD0-A708-8151EF71A8D7}
		{B953EBC9-C417-420A-8F15-DC2AC9F643A6} = {03A97CEB-D1F4-4BD0-A708-8151EF71A8D7}
		{2B25F6CD-19BA-4432-A62A-FCA2C3F82467} = {03A97CEB-D1F4-4BD0-A708-8151EF71A8D7}
		{59A92B80-D024-4FFF-9F8A-980664492680} = {03A97CEB-D1F4-4BD0-A708-8151EF71A8D7}
		{221B82C0-4D31-4EBE-A517-7F4AF8AC1AF3} = {03A97CEB-D1F4-4BD0-A708-8151EF71A8D7}
	EndGlobalSection
EndGlobal
