
Microsoft Visual Studio Solution File, Format Version 12.00
# Visual Studio 14
VisualStudioVersion = 14.0.25420.1
MinimumVisualStudioVersion = 10.0.40219.1
Project("{FAE04EC0-301F-11D3-BF4B-00C04F79EFBC}") = "KRelay", "KRelay\KRelay.csproj", "{F273A6C0-3D96-46AE-95D0-8B2D630C0B75}"
EndProject
Project("{FAE04EC0-301F-11D3-BF4B-00C04F79EFBC}") = "LibKRelay", "LibKRelay\LibKRelay.csproj", "{B1B5F3C3-C4FF-4C6E-8879-D2E4E99BEEF9}"
EndProject
Project("{2150E333-8FDC-42A3-9474-1A3956D46DE8}") = "Plugins", "Plugins", "{C0FB5D8B-A402-491B-AC09-FE84D5CDA43E}"
EndProject
Project("{FAE04EC0-301F-11D3-BF4B-00C04F79EFBC}") = "AutoAbility", "Plugins\AutoAbility\AutoAbility.csproj", "{B06A7B4B-801C-4A8E-98D9-C87D0A4B1DA2}"
EndProject
Project("{FAE04EC0-301F-11D3-BF4B-00C04F79EFBC}") = "ChatAssist", "Plugins\ChatAssist\ChatAssist.csproj", "{B953EBC9-C417-420A-8F15-DC2AC9F643A6}"
EndProject
Global
	GlobalSection(SolutionConfigurationPlatforms) = preSolution
		Debug|Any CPU = Debug|Any CPU
		Release|Any CPU = Release|Any CPU
	EndGlobalSection
	GlobalSection(ProjectConfigurationPlatforms) = postSolution
		{F273A6C0-3D96-46AE-95D0-8B2D630C0B75}.Debug|Any CPU.ActiveCfg = Debug|Any CPU
		{F273A6C0-3D96-46AE-95D0-8B2D630C0B75}.Debug|Any CPU.Build.0 = Debug|Any CPU
		{F273A6C0-3D96-46AE-95D0-8B2D630C0B75}.Release|Any CPU.ActiveCfg = Release|Any CPU
		{F273A6C0-3D96-46AE-95D0-8B2D630C0B75}.Release|Any CPU.Build.0 = Release|Any CPU
		{B1B5F3C3-C4FF-4C6E-8879-D2E4E99BEEF9}.Debug|Any CPU.ActiveCfg = Debug|Any CPU
		{B1B5F3C3-C4FF-4C6E-8879-D2E4E99BEEF9}.Debug|Any CPU.Build.0 = Debug|Any CPU
		{B1B5F3C3-C4FF-4C6E-8879-D2E4E99BEEF9}.Release|Any CPU.ActiveCfg = Release|Any CPU
		{B1B5F3C3-C4FF-4C6E-8879-D2E4E99BEEF9}.Release|Any CPU.Build.0 = Release|Any CPU
		{B06A7B4B-801C-4A8E-98D9-C87D0A4B1DA2}.Debug|Any CPU.ActiveCfg = Debug|Any CPU
		{B06A7B4B-801C-4A8E-98D9-C87D0A4B1DA2}.Debug|Any CPU.Build.0 = Debug|Any CPU
		{B06A7B4B-801C-4A8E-98D9-C87D0A4B1DA2}.Release|Any CPU.ActiveCfg = Release|Any CPU
		{B06A7B4B-801C-4A8E-98D9-C87D0A4B1DA2}.Release|Any CPU.Build.0 = Release|Any CPU
		{B953EBC9-C417-420A-8F15-DC2AC9F643A6}.Debug|Any CPU.ActiveCfg = Debug|Any CPU
		{B953EBC9-C417-420A-8F15-DC2AC9F643A6}.Debug|Any CPU.Build.0 = Debug|Any CPU
		{B953EBC9-C417-420A-8F15-DC2AC9F643A6}.Release|Any CPU.ActiveCfg = Release|Any CPU
		{B953EBC9-C417-420A-8F15-DC2AC9F643A6}.Release|Any CPU.Build.0 = Release|Any CPU
	EndGlobalSection
	GlobalSection(SolutionProperties) = preSolution
		HideSolutionNode = FALSE
	EndGlobalSection
	GlobalSection(NestedProjects) = preSolution
		{B06A7B4B-801C-4A8E-98D9-C87D0A4B1DA2} = {C0FB5D8B-A402-491B-AC09-FE84D5CDA43E}
		{B953EBC9-C417-420A-8F15-DC2AC9F643A6} = {C0FB5D8B-A402-491B-AC09-FE84D5CDA43E}
	EndGlobalSection
EndGlobal
